
Microsoft Visual Studio Solution File, Format Version 11.00
# Visual Studio 2010
Project("{FAE04EC0-301F-11D3-BF4B-00C04F79EFBC}") = "ClaySharp", "ClaySharp\ClaySharp.csproj", "{76BCD43B-7BA5-4B63-B1E1-861641CA2686}"
EndProject
Project("{FAE04EC0-301F-11D3-BF4B-00C04F79EFBC}") = "ClaySharp.Tests", "ClaySharp.Tests\ClaySharp.Tests.csproj", "{10369238-A590-48BF-8D3E-E83EB6F0C931}"
EndProject
Global
	GlobalSection(SolutionConfigurationPlatforms) = preSolution
		Debug|Any CPU = Debug|Any CPU
		Release|Any CPU = Release|Any CPU
	EndGlobalSection
	GlobalSection(ProjectConfigurationPlatforms) = postSolution
		{76BCD43B-7BA5-4B63-B1E1-861641CA2686}.Debug|Any CPU.ActiveCfg = Debug|Any CPU
		{76BCD43B-7BA5-4B63-B1E1-861641CA2686}.Debug|Any CPU.Build.0 = Debug|Any CPU
		{76BCD43B-7BA5-4B63-B1E1-861641CA2686}.Release|Any CPU.ActiveCfg = Release|Any CPU
		{76BCD43B-7BA5-4B63-B1E1-861641CA2686}.Release|Any CPU.Build.0 = Release|Any CPU
		{10369238-A590-48BF-8D3E-E83EB6F0C931}.Debug|Any CPU.ActiveCfg = Debug|Any CPU
		{10369238-A590-48BF-8D3E-E83EB6F0C931}.Debug|Any CPU.Build.0 = Debug|Any CPU
		{10369238-A590-48BF-8D3E-E83EB6F0C931}.Release|Any CPU.ActiveCfg = Release|Any CPU
		{10369238-A590-48BF-8D3E-E83EB6F0C931}.Release|Any CPU.Build.0 = Release|Any CPU
	EndGlobalSection
	GlobalSection(SolutionProperties) = preSolution
		HideSolutionNode = FALSE
	EndGlobalSection
EndGlobal
